
Microsoft Visual Studio Solution File, Format Version 12.00
# Visual Studio Version 17
VisualStudioVersion = 17.8.34309.116
MinimumVisualStudioVersion = 10.0.40219.1
Project("{9A19103F-16F7-4668-BE54-9A1E7A4F7556}") = "C9Z8DM_HFT_2023242.Client", "C9Z8DM_HFT_2023242.Client\C9Z8DM_HFT_2023242.Client.csproj", "{7D6541CF-D9B6-43EB-8992-CE240850B177}"
EndProject
Project("{9A19103F-16F7-4668-BE54-9A1E7A4F7556}") = "C9Z8DM_HFT_2023242.Models", "C9Z8DM_HFT_2023242.Models\C9Z8DM_HFT_2023242.Models.csproj", "{80BCE0C6-6894-4AB3-8728-6EBFD95DE543}"
EndProject
Project("{9A19103F-16F7-4668-BE54-9A1E7A4F7556}") = "C9Z8DM_HFT_2023242.Logic", "C9Z8DM_HFT_2023242.Logic\C9Z8DM_HFT_2023242.Logic.csproj", "{CAF2D558-E226-4803-BE6F-BEAF38EB94A3}"
EndProject
Project("{9A19103F-16F7-4668-BE54-9A1E7A4F7556}") = "C9Z8DM_HFT_2023242.Repository", "C9Z8DM_HFT_2023242.Repository\C9Z8DM_HFT_2023242.Repository.csproj", "{129B331B-EE10-4DF7-8A83-27CED7F16331}"
EndProject
Project("{9A19103F-16F7-4668-BE54-9A1E7A4F7556}") = "C9Z8DM_HFT_2023242.Test", "C9Z8DM_HFT_2023242.Test\C9Z8DM_HFT_2023242.Test.csproj", "{C92DA383-9BBB-4856-AFDF-40FC05B1FEA2}"
EndProject
Project("{2150E333-8FDC-42A3-9474-1A3956D46DE8}") = "Backend", "Backend", "{C1E1E864-0E11-46CE-91E0-5B0E2D23B78E}"
EndProject
Project("{2150E333-8FDC-42A3-9474-1A3956D46DE8}") = "Frontend", "Frontend", "{B66B5ADF-2BD5-46AF-8F97-6408664AD93A}"
EndProject
Project("{2150E333-8FDC-42A3-9474-1A3956D46DE8}") = "Shared", "Shared", "{33862CE0-A8A5-4505-9D86-41E45F085054}"
EndProject
Project("{2150E333-8FDC-42A3-9474-1A3956D46DE8}") = "Others", "Others", "{574499AA-6E89-4DF5-8AAE-8D848DC8C9E0}"
	ProjectSection(SolutionItems) = preProject
		.gitignore = .gitignore
	EndProjectSection
EndProject
Project("{FAE04EC0-301F-11D3-BF4B-00C04F79EFBC}") = "C9Z8DM_HFT_2023242.Endpoint", "C9Z8DM_HFT_2023242.Endpoint\C9Z8DM_HFT_2023242.Endpoint.csproj", "{2910F914-32D3-458E-8730-303B64A6495A}"
EndProject
Global
	GlobalSection(SolutionConfigurationPlatforms) = preSolution
		Debug|Any CPU = Debug|Any CPU
		Release|Any CPU = Release|Any CPU
	EndGlobalSection
	GlobalSection(ProjectConfigurationPlatforms) = postSolution
		{7D6541CF-D9B6-43EB-8992-CE240850B177}.Debug|Any CPU.ActiveCfg = Debug|Any CPU
		{7D6541CF-D9B6-43EB-8992-CE240850B177}.Debug|Any CPU.Build.0 = Debug|Any CPU
		{7D6541CF-D9B6-43EB-8992-CE240850B177}.Release|Any CPU.ActiveCfg = Release|Any CPU
		{7D6541CF-D9B6-43EB-8992-CE240850B177}.Release|Any CPU.Build.0 = Release|Any CPU
		{80BCE0C6-6894-4AB3-8728-6EBFD95DE543}.Debug|Any CPU.ActiveCfg = Debug|Any CPU
		{80BCE0C6-6894-4AB3-8728-6EBFD95DE543}.Debug|Any CPU.Build.0 = Debug|Any CPU
		{80BCE0C6-6894-4AB3-8728-6EBFD95DE543}.Release|Any CPU.ActiveCfg = Release|Any CPU
		{80BCE0C6-6894-4AB3-8728-6EBFD95DE543}.Release|Any CPU.Build.0 = Release|Any CPU
		{CAF2D558-E226-4803-BE6F-BEAF38EB94A3}.Debug|Any CPU.ActiveCfg = Debug|Any CPU
		{CAF2D558-E226-4803-BE6F-BEAF38EB94A3}.Debug|Any CPU.Build.0 = Debug|Any CPU
		{CAF2D558-E226-4803-BE6F-BEAF38EB94A3}.Release|Any CPU.ActiveCfg = Release|Any CPU
		{CAF2D558-E226-4803-BE6F-BEAF38EB94A3}.Release|Any CPU.Build.0 = Release|Any CPU
		{129B331B-EE10-4DF7-8A83-27CED7F16331}.Debug|Any CPU.ActiveCfg = Debug|Any CPU
		{129B331B-EE10-4DF7-8A83-27CED7F16331}.Debug|Any CPU.Build.0 = Debug|Any CPU
		{129B331B-EE10-4DF7-8A83-27CED7F16331}.Release|Any CPU.ActiveCfg = Release|Any CPU
		{129B331B-EE10-4DF7-8A83-27CED7F16331}.Release|Any CPU.Build.0 = Release|Any CPU
		{C92DA383-9BBB-4856-AFDF-40FC05B1FEA2}.Debug|Any CPU.ActiveCfg = Debug|Any CPU
		{C92DA383-9BBB-4856-AFDF-40FC05B1FEA2}.Debug|Any CPU.Build.0 = Debug|Any CPU
		{C92DA383-9BBB-4856-AFDF-40FC05B1FEA2}.Release|Any CPU.ActiveCfg = Release|Any CPU
		{C92DA383-9BBB-4856-AFDF-40FC05B1FEA2}.Release|Any CPU.Build.0 = Release|Any CPU
		{2910F914-32D3-458E-8730-303B64A6495A}.Debug|Any CPU.ActiveCfg = Debug|Any CPU
		{2910F914-32D3-458E-8730-303B64A6495A}.Debug|Any CPU.Build.0 = Debug|Any CPU
		{2910F914-32D3-458E-8730-303B64A6495A}.Release|Any CPU.ActiveCfg = Release|Any CPU
		{2910F914-32D3-458E-8730-303B64A6495A}.Release|Any CPU.Build.0 = Release|Any CPU
	EndGlobalSection
	GlobalSection(SolutionProperties) = preSolution
		HideSolutionNode = FALSE
	EndGlobalSection
	GlobalSection(NestedProjects) = preSolution
		{7D6541CF-D9B6-43EB-8992-CE240850B177} = {B66B5ADF-2BD5-46AF-8F97-6408664AD93A}
		{80BCE0C6-6894-4AB3-8728-6EBFD95DE543} = {33862CE0-A8A5-4505-9D86-41E45F085054}
		{CAF2D558-E226-4803-BE6F-BEAF38EB94A3} = {C1E1E864-0E11-46CE-91E0-5B0E2D23B78E}
		{129B331B-EE10-4DF7-8A83-27CED7F16331} = {C1E1E864-0E11-46CE-91E0-5B0E2D23B78E}
		{C92DA383-9BBB-4856-AFDF-40FC05B1FEA2} = {C1E1E864-0E11-46CE-91E0-5B0E2D23B78E}
		{2910F914-32D3-458E-8730-303B64A6495A} = {C1E1E864-0E11-46CE-91E0-5B0E2D23B78E}
	EndGlobalSection
	GlobalSection(ExtensibilityGlobals) = postSolution
		SolutionGuid = {8FFE2165-19C8-407F-8DD4-8904F4734D1B}
	EndGlobalSection
EndGlobal
